
Microsoft Visual Studio Solution File, Format Version 12.00
# Visual Studio 15
VisualStudioVersion = 15.0.27428.1
MinimumVisualStudioVersion = 10.0.40219.1
Project("{FAE04EC0-301F-11D3-BF4B-00C04F79EFBC}") = "Hunter Planes Of War", "Hunter Planes Of War\Hunter Planes Of War.csproj", "{E412E91E-7ECB-49EC-8443-42BBD7D11C50}"
EndProject
Project("{54435603-DBB4-11D2-8724-00A0C9A8B90C}") = "Hunter Planes Of War Setup", "Hunter Planes Of War Setup\Hunter Planes Of War Setup.vdproj", "{465A4622-393C-4554-B38A-12B3F6A99572}"
EndProject
Global
	GlobalSection(SolutionConfigurationPlatforms) = preSolution
		Debug|Any CPU = Debug|Any CPU
		Release|Any CPU = Release|Any CPU
	EndGlobalSection
	GlobalSection(ProjectConfigurationPlatforms) = postSolution
		{E412E91E-7ECB-49EC-8443-42BBD7D11C50}.Debug|Any CPU.ActiveCfg = Debug|Any CPU
		{E412E91E-7ECB-49EC-8443-42BBD7D11C50}.Debug|Any CPU.Build.0 = Debug|Any CPU
		{E412E91E-7ECB-49EC-8443-42BBD7D11C50}.Release|Any CPU.ActiveCfg = Release|Any CPU
		{E412E91E-7ECB-49EC-8443-42BBD7D11C50}.Release|Any CPU.Build.0 = Release|Any CPU
		{465A4622-393C-4554-B38A-12B3F6A99572}.Debug|Any CPU.ActiveCfg = Debug
		{465A4622-393C-4554-B38A-12B3F6A99572}.Release|Any CPU.ActiveCfg = Release
	EndGlobalSection
	GlobalSection(SolutionProperties) = preSolution
		HideSolutionNode = FALSE
	EndGlobalSection
	GlobalSection(ExtensibilityGlobals) = postSolution
		SolutionGuid = {700F51FB-2718-429A-962F-FDD033F7A5DD}
	EndGlobalSection
EndGlobal
